// !$*UTF8*$!
{
	archiveVersion = 1;
	classes = {
	};
	objectVersion = 46;
	objects = {

/* Begin PBXBuildFile section */
		FCB50BC71B3E9D5800C26290 /* AppDelegate.swift in Sources */ = {isa = PBXBuildFile; fileRef = FCB50BC61B3E9D5800C26290 /* AppDelegate.swift */; };
		FCB50BC91B3E9D5800C26290 /* ViewController.swift in Sources */ = {isa = PBXBuildFile; fileRef = FCB50BC81B3E9D5800C26290 /* ViewController.swift */; };
		FCB50BCC1B3E9D5800C26290 /* Main.storyboard in Resources */ = {isa = PBXBuildFile; fileRef = FCB50BCA1B3E9D5800C26290 /* Main.storyboard */; };
		FCB50BCE1B3E9D5800C26290 /* Images.xcassets in Resources */ = {isa = PBXBuildFile; fileRef = FCB50BCD1B3E9D5800C26290 /* Images.xcassets */; };
		FCB50BD11B3E9D5800C26290 /* LaunchScreen.xib in Resources */ = {isa = PBXBuildFile; fileRef = FCB50BCF1B3E9D5800C26290 /* LaunchScreen.xib */; };
		FCB50BDD1B3E9D5800C26290 /* UIButtonResizeExampleTests.swift in Sources */ = {isa = PBXBuildFile; fileRef = FCB50BDC1B3E9D5800C26290 /* UIButtonResizeExampleTests.swift */; };
/* End PBXBuildFile section */

/* Begin PBXContainerItemProxy section */
		FCB50BD71B3E9D5800C26290 /* PBXContainerItemProxy */ = {
			isa = PBXContainerItemProxy;
			containerPortal = FCB50BB91B3E9D5800C26290 /* Project object */;
			proxyType = 1;
			remoteGlobalIDString = FCB50BC01B3E9D5800C26290;
			remoteInfo = UIButtonResizeExample;
		};
/* End PBXContainerItemProxy section */

/* Begin PBXFileReference section */
		FCB50BC11B3E9D5800C26290 /* UIButtonResizeExample.app */ = {isa = PBXFileReference; explicitFileType = wrapper.application; includeInIndex = 0; path = UIButtonResizeExample.app; sourceTree = BUILT_PRODUCTS_DIR; };
		FCB50BC51B3E9D5800C26290 /* Info.plist */ = {isa = PBXFileReference; lastKnownFileType = text.plist.xml; path = Info.plist; sourceTree = "<group>"; };
		FCB50BC61B3E9D5800C26290 /* AppDelegate.swift */ = {isa = PBXFileReference; lastKnownFileType = sourcecode.swift; path = AppDelegate.swift; sourceTree = "<group>"; };
		FCB50BC81B3E9D5800C26290 /* ViewController.swift */ = {isa = PBXFileReference; lastKnownFileType = sourcecode.swift; path = ViewController.swift; sourceTree = "<group>"; };
		FCB50BCB1B3E9D5800C26290 /* Base */ = {isa = PBXFileReference; lastKnownFileType = file.storyboard; name = Base; path = Base.lproj/Main.storyboard; sourceTree = "<group>"; };
		FCB50BCD1B3E9D5800C26290 /* Images.xcassets */ = {isa = PBXFileReference; lastKnownFileType = folder.assetcatalog; path = Images.xcassets; sourceTree = "<group>"; };
		FCB50BD01B3E9D5800C26290 /* Base */ = {isa = PBXFileReference; lastKnownFileType = file.xib; name = Base; path = Base.lproj/LaunchScreen.xib; sourceTree = "<group>"; };
		FCB50BD61B3E9D5800C26290 /* UIButtonResizeExampleTests.xctest */ = {isa = PBXFileReference; explicitFileType = wrapper.cfbundle; includeInIndex = 0; path = UIButtonResizeExampleTests.xctest; sourceTree = BUILT_PRODUCTS_DIR; };
		FCB50BDB1B3E9D5800C26290 /* Info.plist */ = {isa = PBXFileReference; lastKnownFileType = text.plist.xml; path = Info.plist; sourceTree = "<group>"; };
		FCB50BDC1B3E9D5800C26290 /* UIButtonResizeExampleTests.swift */ = {isa = PBXFileReference; lastKnownFileType = sourcecode.swift; path = UIButtonResizeExampleTests.swift; sourceTree = "<group>"; };
/* End PBXFileReference section */

/* Begin PBXFrameworksBuildPhase section */
		FCB50BBE1B3E9D5800C26290 /* Frameworks */ = {
			isa = PBXFrameworksBuildPhase;
			buildActionMask = 2147483647;
			files = (
			);
			runOnlyForDeploymentPostprocessing = 0;
		};
		FCB50BD31B3E9D5800C26290 /* Frameworks */ = {
			isa = PBXFrameworksBuildPhase;
			buildActionMask = 2147483647;
			files = (
			);
			runOnlyForDeploymentPostprocessing = 0;
		};
/* End PBXFrameworksBuildPhase section */

/* Begin PBXGroup section */
		FCB50BB81B3E9D5800C26290 = {
			isa = PBXGroup;
			children = (
				FCB50BC31B3E9D5800C26290 /* UIButtonResizeExample */,
				FCB50BD91B3E9D5800C26290 /* UIButtonResizeExampleTests */,
				FCB50BC21B3E9D5800C26290 /* Products */,
			);
			sourceTree = "<group>";
		};
		FCB50BC21B3E9D5800C26290 /* Products */ = {
			isa = PBXGroup;
			children = (
				FCB50BC11B3E9D5800C26290 /* UIButtonResizeExample.app */,
				FCB50BD61B3E9D5800C26290 /* UIButtonResizeExampleTests.xctest */,
			);
			name = Products;
			sourceTree = "<group>";
		};
		FCB50BC31B3E9D5800C26290 /* UIButtonResizeExample */ = {
			isa = PBXGroup;
			children = (
				FCB50BC61B3E9D5800C26290 /* AppDelegate.swift */,
				FCB50BC81B3E9D5800C26290 /* ViewController.swift */,
				FCB50BCA1B3E9D5800C26290 /* Main.storyboard */,
				FCB50BCD1B3E9D5800C26290 /* Images.xcassets */,
				FCB50BCF1B3E9D5800C26290 /* LaunchScreen.xib */,
				FCB50BC41B3E9D5800C26290 /* Supporting Files */,
			);
			path = UIButtonResizeExample;
			sourceTree = "<group>";
		};
		FCB50BC41B3E9D5800C26290 /* Supporting Files */ = {
			isa = PBXGroup;
			children = (
				FCB50BC51B3E9D5800C26290 /* Info.plist */,
			);
			name = "Supporting Files";
			sourceTree = "<group>";
		};
		FCB50BD91B3E9D5800C26290 /* UIButtonResizeExampleTests */ = {
			isa = PBXGroup;
			children = (
				FCB50BDC1B3E9D5800C26290 /* UIButtonResizeExampleTests.swift */,
				FCB50BDA1B3E9D5800C26290 /* Supporting Files */,
			);
			path = UIButtonResizeExampleTests;
			sourceTree = "<group>";
		};
		FCB50BDA1B3E9D5800C26290 /* Supporting Files */ = {
			isa = PBXGroup;
			children = (
				FCB50BDB1B3E9D5800C26290 /* Info.plist */,
			);
			name = "Supporting Files";
			sourceTree = "<group>";
		};
/* End PBXGroup section */

/* Begin PBXNativeTarget section */
		FCB50BC01B3E9D5800C26290 /* UIButtonResizeExample */ = {
			isa = PBXNativeTarget;
			buildConfigurationList = FCB50BE01B3E9D5800C26290 /* Build configuration list for PBXNativeTarget "UIButtonResizeExample" */;
			buildPhases = (
				FCB50BBD1B3E9D5800C26290 /* Sources */,
				FCB50BBE1B3E9D5800C26290 /* Frameworks */,
				FCB50BBF1B3E9D5800C26290 /* Resources */,
			);
			buildRules = (
			);
			dependencies = (
			);
			name = UIButtonResizeExample;
			productName = UIButtonResizeExample;
			productReference = FCB50BC11B3E9D5800C26290 /* UIButtonResizeExample.app */;
			productType = "com.apple.product-type.application";
		};
		FCB50BD51B3E9D5800C26290 /* UIButtonResizeExampleTests */ = {
			isa = PBXNativeTarget;
			buildConfigurationList = FCB50BE31B3E9D5800C26290 /* Build configuration list for PBXNativeTarget "UIButtonResizeExampleTests" */;
			buildPhases = (
				FCB50BD21B3E9D5800C26290 /* Sources */,
				FCB50BD31B3E9D5800C26290 /* Frameworks */,
				FCB50BD41B3E9D5800C26290 /* Resources */,
			);
			buildRules = (
			);
			dependencies = (
				FCB50BD81B3E9D5800C26290 /* PBXTargetDependency */,
			);
			name = UIButtonResizeExampleTests;
			productName = UIButtonResizeExampleTests;
			productReference = FCB50BD61B3E9D5800C26290 /* UIButtonResizeExampleTests.xctest */;
			productType = "com.apple.product-type.bundle.unit-test";
		};
/* End PBXNativeTarget section */

/* Begin PBXProject section */
		FCB50BB91B3E9D5800C26290 /* Project object */ = {
			isa = PBXProject;
			attributes = {
				LastUpgradeCheck = 0630;
				ORGANIZATIONNAME = "Chaotic Good";
				TargetAttributes = {
					FCB50BC01B3E9D5800C26290 = {
						CreatedOnToolsVersion = 6.3.2;
					};
					FCB50BD51B3E9D5800C26290 = {
						CreatedOnToolsVersion = 6.3.2;
						TestTargetID = FCB50BC01B3E9D5800C26290;
					};
				};
			};
			buildConfigurationList = FCB50BBC1B3E9D5800C26290 /* Build configuration list for PBXProject "UIButtonResizeExample" */;
			compatibilityVersion = "Xcode 3.2";
			developmentRegion = English;
			hasScannedForEncodings = 0;
			knownRegions = (
				en,
				Base,
			);
			mainGroup = FCB50BB81B3E9D5800C26290;
			productRefGroup = FCB50BC21B3E9D5800C26290 /* Products */;
			projectDirPath = "";
			projectRoot = "";
			targets = (
				FCB50BC01B3E9D5800C26290 /* UIButtonResizeExample */,
				FCB50BD51B3E9D5800C26290 /* UIButtonResizeExampleTests */,
			);
		};
/* End PBXProject section */

/* Begin PBXResourcesBuildPhase section */
		FCB50BBF1B3E9D5800C26290 /* Resources */ = {
			isa = PBXResourcesBuildPhase;
			buildActionMask = 2147483647;
			files = (
				FCB50BCC1B3E9D5800C26290 /* Main.storyboard in Resources */,
				FCB50BD11B3E9D5800C26290 /* LaunchScreen.xib in Resources */,
				FCB50BCE1B3E9D5800C26290 /* Images.xcassets in Resources */,
			);
			runOnlyForDeploymentPostprocessing = 0;
		};
		FCB50BD41B3E9D5800C26290 /* Resources */ = {
			isa = PBXResourcesBuildPhase;
			buildActionMask = 2147483647;
			files = (
			);
			runOnlyForDeploymentPostprocessing = 0;
		};
/* End PBXResourcesBuildPhase section */

/* Begin PBXSourcesBuildPhase section */
		FCB50BBD1B3E9D5800C26290 /* Sources */ = {
			isa = PBXSourcesBuildPhase;
			buildActionMask = 2147483647;
			files = (
				FCB50BC91B3E9D5800C26290 /* ViewController.swift in Sources */,
				FCB50BC71B3E9D5800C26290 /* AppDelegate.swift in Sources */,
			);
			runOnlyForDeploymentPostprocessing = 0;
		};
		FCB50BD21B3E9D5800C26290 /* Sources */ = {
			isa = PBXSourcesBuildPhase;
			buildActionMask = 2147483647;
			files = (
				FCB50BDD1B3E9D5800C26290 /* UIButtonResizeExampleTests.swift in Sources */,
			);
			runOnlyForDeploymentPostprocessing = 0;
		};
/* End PBXSourcesBuildPhase section */

/* Begin PBXTargetDependency section */
		FCB50BD81B3E9D5800C26290 /* PBXTargetDependency */ = {
			isa = PBXTargetDependency;
			target = FCB50BC01B3E9D5800C26290 /* UIButtonResizeExample */;
			targetProxy = FCB50BD71B3E9D5800C26290 /* PBXContainerItemProxy */;
		};
/* End PBXTargetDependency section */

/* Begin PBXVariantGroup section */
		FCB50BCA1B3E9D5800C26290 /* Main.storyboard */ = {
			isa = PBXVariantGroup;
			children = (
				FCB50BCB1B3E9D5800C26290 /* Base */,
			);
			name = Main.storyboard;
			sourceTree = "<group>";
		};
		FCB50BCF1B3E9D5800C26290 /* LaunchScreen.xib */ = {
			isa = PBXVariantGroup;
			children = (
				FCB50BD01B3E9D5800C26290 /* Base */,
			);
			name = LaunchScreen.xib;
			sourceTree = "<group>";
		};
/* End PBXVariantGroup section */

/* Begin XCBuildConfiguration section */
		FCB50BDE1B3E9D5800C26290 /* Debug */ = {
			isa = XCBuildConfiguration;
			buildSettings = {
				ALWAYS_SEARCH_USER_PATHS = NO;
				CLANG_CXX_LANGUAGE_STANDARD = "gnu++0x";
				CLANG_CXX_LIBRARY = "libc++";
				CLANG_ENABLE_MODULES = YES;
				CLANG_ENABLE_OBJC_ARC = YES;
				CLANG_WARN_BOOL_CONVERSION = YES;
				CLANG_WARN_CONSTANT_CONVERSION = YES;
				CLANG_WARN_DIRECT_OBJC_ISA_USAGE = YES_ERROR;
				CLANG_WARN_EMPTY_BODY = YES;
				CLANG_WARN_ENUM_CONVERSION = YES;
				CLANG_WARN_INT_CONVERSION = YES;
				CLANG_WARN_OBJC_ROOT_CLASS = YES_ERROR;
				CLANG_WARN_UNREACHABLE_CODE = YES;
				CLANG_WARN__DUPLICATE_METHOD_MATCH = YES;
				"CODE_SIGN_IDENTITY[sdk=iphoneos*]" = "iPhone Developer";
				COPY_PHASE_STRIP = NO;
				DEBUG_INFORMATION_FORMAT = "dwarf-with-dsym";
				ENABLE_STRICT_OBJC_MSGSEND = YES;
				GCC_C_LANGUAGE_STANDARD = gnu99;
				GCC_DYNAMIC_NO_PIC = NO;
				GCC_NO_COMMON_BLOCKS = YES;
				GCC_OPTIMIZATION_LEVEL = 0;
				GCC_PREPROCESSOR_DEFINITIONS = (
					"DEBUG=1",
					"$(inherited)",
				);
				GCC_SYMBOLS_PRIVATE_EXTERN = NO;
				GCC_WARN_64_TO_32_BIT_CONVERSION = YES;
				GCC_WARN_ABOUT_RETURN_TYPE = YES_ERROR;
				GCC_WARN_UNDECLARED_SELECTOR = YES;
				GCC_WARN_UNINITIALIZED_AUTOS = YES_AGGRESSIVE;
				GCC_WARN_UNUSED_FUNCTION = YES;
				GCC_WARN_UNUSED_VARIABLE = YES;
				IPHONEOS_DEPLOYMENT_TARGET = 8.3;
				MTL_ENABLE_DEBUG_INFO = YES;
				ONLY_ACTIVE_ARCH = YES;
				SDKROOT = iphoneos;
				SWIFT_OPTIMIZATION_LEVEL = "-Onone";
				TARGETED_DEVICE_FAMILY = "1,2";
			};
			name = Debug;
		};
		FCB50BDF1B3E9D5800C26290 /* Release */ = {
			isa = XCBuildConfiguration;
			buildSettings = {
				ALWAYS_SEARCH_USER_PATHS = NO;
				CLANG_CXX_LANGUAGE_STANDARD = "gnu++0x";
				CLANG_CXX_LIBRARY = "libc++";
				CLANG_ENABLE_MODULES = YES;
				CLANG_ENABLE_OBJC_ARC = YES;
				CLANG_WARN_BOOL_CONVERSION = YES;
				CLANG_WARN_CONSTANT_CONVERSION = YES;
				CLANG_WARN_DIRECT_OBJC_ISA_USAGE = YES_ERROR;
				CLANG_WARN_EMPTY_BODY = YES;
				CLANG_WARN_ENUM_CONVERSION = YES;
				CLANG_WARN_INT_CONVERSION = YES;
				CLANG_WARN_OBJC_ROOT_CLASS = YES_ERROR;
				CLANG_WARN_UNREACHABLE_CODE = YES;
				CLANG_WARN__DUPLICATE_METHOD_MATCH = YES;
				"CODE_SIGN_IDENTITY[sdk=iphoneos*]" = "iPhone Developer";
				COPY_PHASE_STRIP = NO;
				DEBUG_INFORMATION_FORMAT = "dwarf-with-dsym";
				ENABLE_NS_ASSERTIONS = NO;
				ENABLE_STRICT_OBJC_MSGSEND = YES;
				GCC_C_LANGUAGE_STANDARD = gnu99;
				GCC_NO_COMMON_BLOCKS = YES;
				GCC_WARN_64_TO_32_BIT_CONVERSION = YES;
				GCC_WARN_ABOUT_RETURN_TYPE = YES_ERROR;
				GCC_WARN_UNDECLARED_SELECTOR = YES;
				GCC_WARN_UNINITIALIZED_AUTOS = YES_AGGRESSIVE;
				GCC_WARN_UNUSED_FUNCTION = YES;
				GCC_WARN_UNUSED_VARIABLE = YES;
				IPHONEOS_DEPLOYMENT_TARGET = 8.3;
				MTL_ENABLE_DEBUG_INFO = NO;
				SDKROOT = iphoneos;
				TARGETED_DEVICE_FAMILY = "1,2";
				VALIDATE_PRODUCT = YES;
			};
			name = Release;
		};
		FCB50BE11B3E9D5800C26290 /* Debug */ = {
			isa = XCBuildConfiguration;
			buildSettings = {
				ASSETCATALOG_COMPILER_APPICON_NAME = AppIcon;
				INFOPLIST_FILE = UIButtonResizeExample/Info.plist;
				LD_RUNPATH_SEARCH_PATHS = "$(inherited) @executable_path/Frameworks";
				PRODUCT_NAME = "$(TARGET_NAME)";
			};
			name = Debug;
		};
		FCB50BE21B3E9D5800C26290 /* Release */ = {
			isa = XCBuildConfiguration;
			buildSettings = {
				ASSETCATALOG_COMPILER_APPICON_NAME = AppIcon;
				INFOPLIST_FILE = UIButtonResizeExample/Info.plist;
				LD_RUNPATH_SEARCH_PATHS = "$(inherited) @executable_path/Frameworks";
				PRODUCT_NAME = "$(TARGET_NAME)";
			};
			name = Release;
		};
		FCB50BE41B3E9D5800C26290 /* Debug */ = {
			isa = XCBuildConfiguration;
			buildSettings = {
				BUNDLE_LOADER = "$(TEST_HOST)";
				FRAMEWORK_SEARCH_PATHS = (
					"$(SDKROOT)/Developer/Library/Frameworks",
					"$(inherited)",
				);
				GCC_PREPROCESSOR_DEFINITIONS = (
					"DEBUG=1",
					"$(inherited)",
				);
				INFOPLIST_FILE = UIButtonResizeExampleTests/Info.plist;
				LD_RUNPATH_SEARCH_PATHS = "$(inherited) @executable_path/Frameworks @loader_path/Frameworks";
				PRODUCT_NAME = "$(TARGET_NAME)";
				TEST_HOST = "$(BUILT_PRODUCTS_DIR)/UIButtonResizeExample.app/UIButtonResizeExample";
			};
			name = Debug;
		};
		FCB50BE51B3E9D5800C26290 /* Release */ = {
			isa = XCBuildConfiguration;
			buildSettings = {
				BUNDLE_LOADER = "$(TEST_HOST)";
				FRAMEWORK_SEARCH_PATHS = (
					"$(SDKROOT)/Developer/Library/Frameworks",
					"$(inherited)",
				);
				INFOPLIST_FILE = UIButtonResizeExampleTests/Info.plist;
				LD_RUNPATH_SEARCH_PATHS = "$(inherited) @executable_path/Frameworks @loader_path/Frameworks";
				PRODUCT_NAME = "$(TARGET_NAME)";
				TEST_HOST = "$(BUILT_PRODUCTS_DIR)/UIButtonResizeExample.app/UIButtonResizeExample";
			};
			name = Release;
		};
/* End XCBuildConfiguration section */

/* Begin XCConfigurationList section */
		FCB50BBC1B3E9D5800C26290 /* Build configuration list for PBXProject "UIButtonResizeExample" */ = {
			isa = XCConfigurationList;
			buildConfigurations = (
				FCB50BDE1B3E9D5800C26290 /* Debug */,
				FCB50BDF1B3E9D5800C26290 /* Release */,
			);
			defaultConfigurationIsVisible = 0;
			defaultConfigurationName = Release;
		};
		FCB50BE01B3E9D5800C26290 /* Build configuration list for PBXNativeTarget "UIButtonResizeExample" */ = {
			isa = XCConfigurationList;
			buildConfigurations = (
				FCB50BE11B3E9D5800C26290 /* Debug */,
				FCB50BE21B3E9D5800C26290 /* Release */,
			);
			defaultConfigurationIsVisible = 0;
		};
		FCB50BE31B3E9D5800C26290 /* Build configuration list for PBXNativeTarget "UIButtonResizeExampleTests" */ = {
			isa = XCConfigurationList;
			buildConfigurations = (
				FCB50BE41B3E9D5800C26290 /* Debug */,
				FCB50BE51B3E9D5800C26290 /* Release */,
			);
			defaultConfigurationIsVisible = 0;
		};
/* End XCConfigurationList section */
	};
	rootObject = FCB50BB91B3E9D5800C26290 /* Project object */;
}
